// !$*UTF8*$!
{
	archiveVersion = 1;
	classes = {
	};
	objectVersion = 56;
	objects = {

/* Begin PBXBuildFile section */
		42001AED29F5025E00C8CF5C /* ClothingNavigationView.swift in Sources */ = {isa = PBXBuildFile; fileRef = 42001AEC29F5025E00C8CF5C /* ClothingNavigationView.swift */; };
		4226D34C29F31F5A00F982F5 /* ArtModel.swift in Sources */ = {isa = PBXBuildFile; fileRef = 4226D34B29F31F5A00F982F5 /* ArtModel.swift */; };
		4226D34E29F323E900F982F5 /* ArtViewModel.swift in Sources */ = {isa = PBXBuildFile; fileRef = 4226D34D29F323E900F982F5 /* ArtViewModel.swift */; };
		4226D35029F3329900F982F5 /* ArtListView.swift in Sources */ = {isa = PBXBuildFile; fileRef = 4226D34F29F3329900F982F5 /* ArtListView.swift */; };
		4226D35229F332E700F982F5 /* ArtDetail.swift in Sources */ = {isa = PBXBuildFile; fileRef = 4226D35129F332E700F982F5 /* ArtDetail.swift */; };
		4234AC1F29E669450045B7A9 /* Nookipedia-Info.plist in Resources */ = {isa = PBXBuildFile; fileRef = 4234AC1E29E669450045B7A9 /* Nookipedia-Info.plist */; };
		4234AC2229E66A7F0045B7A9 /* NookipediaViewModel.swift in Sources */ = {isa = PBXBuildFile; fileRef = 4234AC2129E66A7F0045B7A9 /* NookipediaViewModel.swift */; };
		4242CACF29C1221800A78C4E /* VillagerModel.swift in Sources */ = {isa = PBXBuildFile; fileRef = 4242CACE29C1221800A78C4E /* VillagerModel.swift */; };
		4242CAD229C148BF00A78C4E /* VillagerDetail.swift in Sources */ = {isa = PBXBuildFile; fileRef = 4242CAD129C148BF00A78C4E /* VillagerDetail.swift */; };
		4242CAD429C14C7D00A78C4E /* ImageCardView.swift in Sources */ = {isa = PBXBuildFile; fileRef = 4242CAD329C14C7D00A78C4E /* ImageCardView.swift */; };
		4242CAD629C18BED00A78C4E /* VillagersViewModel.swift in Sources */ = {isa = PBXBuildFile; fileRef = 4242CAD529C18BED00A78C4E /* VillagersViewModel.swift */; };
		424606BD29F4B0270043BFDB /* FossilModel.swift in Sources */ = {isa = PBXBuildFile; fileRef = 424606BC29F4B0270043BFDB /* FossilModel.swift */; };
		424606BF29F4B20D0043BFDB /* FossilViewModel.swift in Sources */ = {isa = PBXBuildFile; fileRef = 424606BE29F4B20D0043BFDB /* FossilViewModel.swift */; };
		424606C129F4B4210043BFDB /* FossilListView.swift in Sources */ = {isa = PBXBuildFile; fileRef = 424606C029F4B4210043BFDB /* FossilListView.swift */; };
		424606C329F4B5140043BFDB /* FossilDetail.swift in Sources */ = {isa = PBXBuildFile; fileRef = 424606C229F4B5140043BFDB /* FossilDetail.swift */; };
		4271336C29F0898200917250 /* NavigationCardView.swift in Sources */ = {isa = PBXBuildFile; fileRef = 4271336B29F0898200917250 /* NavigationCardView.swift */; };
		4274CDBB29F33D880073B045 /* CollectableNavigationView.swift in Sources */ = {isa = PBXBuildFile; fileRef = 4274CDBA29F33D880073B045 /* CollectableNavigationView.swift */; };
		427FAF0C29E3C67600D32093 /* Kingfisher in Frameworks */ = {isa = PBXBuildFile; productRef = 427FAF0B29E3C67600D32093 /* Kingfisher */; };
		4280B28629F10683004EA792 /* CatchableNavigationView.swift in Sources */ = {isa = PBXBuildFile; fileRef = 4280B28529F10683004EA792 /* CatchableNavigationView.swift */; };
		4285CC6D29C2E317008E7631 /* VillagersListView.swift in Sources */ = {isa = PBXBuildFile; fileRef = 4285CC6C29C2E317008E7631 /* VillagersListView.swift */; };
		42950E7829F5ADD40018A595 /* BottomModel.swift in Sources */ = {isa = PBXBuildFile; fileRef = 42950E7729F5ADD40018A595 /* BottomModel.swift */; };
		42950E7A29F5AE9C0018A595 /* BottomViewModel.swift in Sources */ = {isa = PBXBuildFile; fileRef = 42950E7929F5AE9C0018A595 /* BottomViewModel.swift */; };
		42950E7C29F5AEE90018A595 /* BottomListView.swift in Sources */ = {isa = PBXBuildFile; fileRef = 42950E7B29F5AEE90018A595 /* BottomListView.swift */; };
		42950E7E29F5AF4F0018A595 /* BottomDetail.swift in Sources */ = {isa = PBXBuildFile; fileRef = 42950E7D29F5AF4F0018A595 /* BottomDetail.swift */; };
		4296DF7229C8198E006978BA /* FishModel.swift in Sources */ = {isa = PBXBuildFile; fileRef = 4296DF7129C8198E006978BA /* FishModel.swift */; };
		4296DF7429C81F03006978BA /* FishViewModel.swift in Sources */ = {isa = PBXBuildFile; fileRef = 4296DF7329C81F03006978BA /* FishViewModel.swift */; };
		4296DF7629C82034006978BA /* FishDetail.swift in Sources */ = {isa = PBXBuildFile; fileRef = 4296DF7529C82034006978BA /* FishDetail.swift */; };
		4296DF7829C8204E006978BA /* FishListView.swift in Sources */ = {isa = PBXBuildFile; fileRef = 4296DF7729C8204E006978BA /* FishListView.swift */; };
		4296DF7A29C82745006978BA /* NavigationView.swift in Sources */ = {isa = PBXBuildFile; fileRef = 4296DF7929C82745006978BA /* NavigationView.swift */; };
		4297632529E7C4A40047D9C1 /* LocationDataManager.swift in Sources */ = {isa = PBXBuildFile; fileRef = 4297632429E7C4A40047D9C1 /* LocationDataManager.swift */; };
		42C0382829F5BF86002BAAAC /* ShoeModel.swift in Sources */ = {isa = PBXBuildFile; fileRef = 42C0382729F5BF86002BAAAC /* ShoeModel.swift */; };
		42C0382A29F5BFD1002BAAAC /* ShoeViewModel.swift in Sources */ = {isa = PBXBuildFile; fileRef = 42C0382929F5BFD1002BAAAC /* ShoeViewModel.swift */; };
		42C0382C29F5BFEF002BAAAC /* ShoeListView.swift in Sources */ = {isa = PBXBuildFile; fileRef = 42C0382B29F5BFEF002BAAAC /* ShoeListView.swift */; };
		42C0382E29F5C06F002BAAAC /* ShoeDetail.swift in Sources */ = {isa = PBXBuildFile; fileRef = 42C0382D29F5C06F002BAAAC /* ShoeDetail.swift */; };
		42C0384229F5D032002BAAAC /* DressUpModel.swift in Sources */ = {isa = PBXBuildFile; fileRef = 42C0384129F5D032002BAAAC /* DressUpModel.swift */; };
		42C0384429F5D04E002BAAAC /* DressUpViewModel.swift in Sources */ = {isa = PBXBuildFile; fileRef = 42C0384329F5D04E002BAAAC /* DressUpViewModel.swift */; };
		42C0384629F5D06C002BAAAC /* DressUpListView.swift in Sources */ = {isa = PBXBuildFile; fileRef = 42C0384529F5D06C002BAAAC /* DressUpListView.swift */; };
		42C0384829F5D082002BAAAC /* DressUpDetail.swift in Sources */ = {isa = PBXBuildFile; fileRef = 42C0384729F5D082002BAAAC /* DressUpDetail.swift */; };
		42C0384A29F5D25C002BAAAC /* AccessoriesModel.swift in Sources */ = {isa = PBXBuildFile; fileRef = 42C0384929F5D25C002BAAAC /* AccessoriesModel.swift */; };
		42C0384C29F5D26C002BAAAC /* AccessoriesViewModel.swift in Sources */ = {isa = PBXBuildFile; fileRef = 42C0384B29F5D26C002BAAAC /* AccessoriesViewModel.swift */; };
		42C0384F29F5D27F002BAAAC /* AccessoriesListView.swift in Sources */ = {isa = PBXBuildFile; fileRef = 42C0384D29F5D27F002BAAAC /* AccessoriesListView.swift */; };
		42C0385029F5D27F002BAAAC /* AccessoriesDetail.swift in Sources */ = {isa = PBXBuildFile; fileRef = 42C0384E29F5D27F002BAAAC /* AccessoriesDetail.swift */; };
		42D2165129F4F1A100FE2438 /* TopModel.swift in Sources */ = {isa = PBXBuildFile; fileRef = 42D2165029F4F1A100FE2438 /* TopModel.swift */; };
		42D2165329F4F42F00FE2438 /* TopViewModel.swift in Sources */ = {isa = PBXBuildFile; fileRef = 42D2165229F4F42F00FE2438 /* TopViewModel.swift */; };
		42D2165529F4F48A00FE2438 /* TopListView.swift in Sources */ = {isa = PBXBuildFile; fileRef = 42D2165429F4F48A00FE2438 /* TopListView.swift */; };
		42D2165729F4F4BC00FE2438 /* TopDetail.swift in Sources */ = {isa = PBXBuildFile; fileRef = 42D2165629F4F4BC00FE2438 /* TopDetail.swift */; };
		42D671A429EFADEE006D4AD9 /* BugModel.swift in Sources */ = {isa = PBXBuildFile; fileRef = 42D671A329EFADEE006D4AD9 /* BugModel.swift */; };
		42D671A629EFB0A3006D4AD9 /* BugViewModel.swift in Sources */ = {isa = PBXBuildFile; fileRef = 42D671A529EFB0A3006D4AD9 /* BugViewModel.swift */; };
		42D671A829EFB151006D4AD9 /* BugListView.swift in Sources */ = {isa = PBXBuildFile; fileRef = 42D671A729EFB151006D4AD9 /* BugListView.swift */; };
		42D671AA29EFB28A006D4AD9 /* BugDetail.swift in Sources */ = {isa = PBXBuildFile; fileRef = 42D671A929EFB28A006D4AD9 /* BugDetail.swift */; };
		42D671AC29EFB73C006D4AD9 /* SeaCreatureModel.swift in Sources */ = {isa = PBXBuildFile; fileRef = 42D671AB29EFB73C006D4AD9 /* SeaCreatureModel.swift */; };
		42D671AE29EFB7B9006D4AD9 /* SeaCreatureViewModel.swift in Sources */ = {isa = PBXBuildFile; fileRef = 42D671AD29EFB7B9006D4AD9 /* SeaCreatureViewModel.swift */; };
		42D671B029EFB7E1006D4AD9 /* SeaCreatureListView.swift in Sources */ = {isa = PBXBuildFile; fileRef = 42D671AF29EFB7E1006D4AD9 /* SeaCreatureListView.swift */; };
		42D671B229EFB80B006D4AD9 /* SeaCreatureDetail.swift in Sources */ = {isa = PBXBuildFile; fileRef = 42D671B129EFB80B006D4AD9 /* SeaCreatureDetail.swift */; };
		42F7AC5829E53C450014F994 /* IconView.swift in Sources */ = {isa = PBXBuildFile; fileRef = 42F7AC5729E53C450014F994 /* IconView.swift */; };
		ACF5E04029BE957F00DD981A /* Assignment3App.swift in Sources */ = {isa = PBXBuildFile; fileRef = ACF5E03F29BE957F00DD981A /* Assignment3App.swift */; };
		ACF5E04229BE957F00DD981A /* AnimalCrossingVillagers.swift in Sources */ = {isa = PBXBuildFile; fileRef = ACF5E04129BE957F00DD981A /* AnimalCrossingVillagers.swift */; };
		ACF5E04429BE958000DD981A /* Assets.xcassets in Resources */ = {isa = PBXBuildFile; fileRef = ACF5E04329BE958000DD981A /* Assets.xcassets */; };
		ACF5E04729BE958000DD981A /* Preview Assets.xcassets in Resources */ = {isa = PBXBuildFile; fileRef = ACF5E04629BE958000DD981A /* Preview Assets.xcassets */; };
/* End PBXBuildFile section */

/* Begin PBXFileReference section */
		42001AEC29F5025E00C8CF5C /* ClothingNavigationView.swift */ = {isa = PBXFileReference; lastKnownFileType = sourcecode.swift; path = ClothingNavigationView.swift; sourceTree = "<group>"; };
		4226D34B29F31F5A00F982F5 /* ArtModel.swift */ = {isa = PBXFileReference; lastKnownFileType = sourcecode.swift; path = ArtModel.swift; sourceTree = "<group>"; };
		4226D34D29F323E900F982F5 /* ArtViewModel.swift */ = {isa = PBXFileReference; lastKnownFileType = sourcecode.swift; path = ArtViewModel.swift; sourceTree = "<group>"; };
		4226D34F29F3329900F982F5 /* ArtListView.swift */ = {isa = PBXFileReference; lastKnownFileType = sourcecode.swift; path = ArtListView.swift; sourceTree = "<group>"; };
		4226D35129F332E700F982F5 /* ArtDetail.swift */ = {isa = PBXFileReference; lastKnownFileType = sourcecode.swift; path = ArtDetail.swift; sourceTree = "<group>"; };
		4234AC1E29E669450045B7A9 /* Nookipedia-Info.plist */ = {isa = PBXFileReference; lastKnownFileType = text.plist.xml; path = "Nookipedia-Info.plist"; sourceTree = "<group>"; };
		4234AC2129E66A7F0045B7A9 /* NookipediaViewModel.swift */ = {isa = PBXFileReference; lastKnownFileType = sourcecode.swift; path = NookipediaViewModel.swift; sourceTree = "<group>"; };
		4242CACE29C1221800A78C4E /* VillagerModel.swift */ = {isa = PBXFileReference; lastKnownFileType = sourcecode.swift; path = VillagerModel.swift; sourceTree = "<group>"; };
		4242CAD129C148BF00A78C4E /* VillagerDetail.swift */ = {isa = PBXFileReference; lastKnownFileType = sourcecode.swift; path = VillagerDetail.swift; sourceTree = "<group>"; };
		4242CAD329C14C7D00A78C4E /* ImageCardView.swift */ = {isa = PBXFileReference; lastKnownFileType = sourcecode.swift; path = ImageCardView.swift; sourceTree = "<group>"; };
		4242CAD529C18BED00A78C4E /* VillagersViewModel.swift */ = {isa = PBXFileReference; lastKnownFileType = sourcecode.swift; path = VillagersViewModel.swift; sourceTree = "<group>"; };
		424606BC29F4B0270043BFDB /* FossilModel.swift */ = {isa = PBXFileReference; lastKnownFileType = sourcecode.swift; path = FossilModel.swift; sourceTree = "<group>"; };
		424606BE29F4B20D0043BFDB /* FossilViewModel.swift */ = {isa = PBXFileReference; lastKnownFileType = sourcecode.swift; path = FossilViewModel.swift; sourceTree = "<group>"; };
		424606C029F4B4210043BFDB /* FossilListView.swift */ = {isa = PBXFileReference; lastKnownFileType = sourcecode.swift; path = FossilListView.swift; sourceTree = "<group>"; };
		424606C229F4B5140043BFDB /* FossilDetail.swift */ = {isa = PBXFileReference; lastKnownFileType = sourcecode.swift; path = FossilDetail.swift; sourceTree = "<group>"; };
		4271336B29F0898200917250 /* NavigationCardView.swift */ = {isa = PBXFileReference; lastKnownFileType = sourcecode.swift; path = NavigationCardView.swift; sourceTree = "<group>"; };
		4274CDBA29F33D880073B045 /* CollectableNavigationView.swift */ = {isa = PBXFileReference; lastKnownFileType = sourcecode.swift; path = CollectableNavigationView.swift; sourceTree = "<group>"; };
		4280B28529F10683004EA792 /* CatchableNavigationView.swift */ = {isa = PBXFileReference; lastKnownFileType = sourcecode.swift; path = CatchableNavigationView.swift; sourceTree = "<group>"; };
		4285CC6C29C2E317008E7631 /* VillagersListView.swift */ = {isa = PBXFileReference; lastKnownFileType = sourcecode.swift; path = VillagersListView.swift; sourceTree = "<group>"; };
		42950E7729F5ADD40018A595 /* BottomModel.swift */ = {isa = PBXFileReference; lastKnownFileType = sourcecode.swift; path = BottomModel.swift; sourceTree = "<group>"; };
		42950E7929F5AE9C0018A595 /* BottomViewModel.swift */ = {isa = PBXFileReference; lastKnownFileType = sourcecode.swift; path = BottomViewModel.swift; sourceTree = "<group>"; };
		42950E7B29F5AEE90018A595 /* BottomListView.swift */ = {isa = PBXFileReference; lastKnownFileType = sourcecode.swift; path = BottomListView.swift; sourceTree = "<group>"; };
		42950E7D29F5AF4F0018A595 /* BottomDetail.swift */ = {isa = PBXFileReference; lastKnownFileType = sourcecode.swift; path = BottomDetail.swift; sourceTree = "<group>"; };
		4296DF7129C8198E006978BA /* FishModel.swift */ = {isa = PBXFileReference; lastKnownFileType = sourcecode.swift; path = FishModel.swift; sourceTree = "<group>"; };
		4296DF7329C81F03006978BA /* FishViewModel.swift */ = {isa = PBXFileReference; lastKnownFileType = sourcecode.swift; path = FishViewModel.swift; sourceTree = "<group>"; };
		4296DF7529C82034006978BA /* FishDetail.swift */ = {isa = PBXFileReference; lastKnownFileType = sourcecode.swift; path = FishDetail.swift; sourceTree = "<group>"; };
		4296DF7729C8204E006978BA /* FishListView.swift */ = {isa = PBXFileReference; lastKnownFileType = sourcecode.swift; path = FishListView.swift; sourceTree = "<group>"; };
		4296DF7929C82745006978BA /* NavigationView.swift */ = {isa = PBXFileReference; lastKnownFileType = sourcecode.swift; path = NavigationView.swift; sourceTree = "<group>"; };
		4297632429E7C4A40047D9C1 /* LocationDataManager.swift */ = {isa = PBXFileReference; lastKnownFileType = sourcecode.swift; path = LocationDataManager.swift; sourceTree = "<group>"; };
		42C0382729F5BF86002BAAAC /* ShoeModel.swift */ = {isa = PBXFileReference; lastKnownFileType = sourcecode.swift; path = ShoeModel.swift; sourceTree = "<group>"; };
		42C0382929F5BFD1002BAAAC /* ShoeViewModel.swift */ = {isa = PBXFileReference; lastKnownFileType = sourcecode.swift; path = ShoeViewModel.swift; sourceTree = "<group>"; };
		42C0382B29F5BFEF002BAAAC /* ShoeListView.swift */ = {isa = PBXFileReference; lastKnownFileType = sourcecode.swift; path = ShoeListView.swift; sourceTree = "<group>"; };
		42C0382D29F5C06F002BAAAC /* ShoeDetail.swift */ = {isa = PBXFileReference; lastKnownFileType = sourcecode.swift; path = ShoeDetail.swift; sourceTree = "<group>"; };
		42C0384129F5D032002BAAAC /* DressUpModel.swift */ = {isa = PBXFileReference; lastKnownFileType = sourcecode.swift; path = DressUpModel.swift; sourceTree = "<group>"; };
		42C0384329F5D04E002BAAAC /* DressUpViewModel.swift */ = {isa = PBXFileReference; lastKnownFileType = sourcecode.swift; path = DressUpViewModel.swift; sourceTree = "<group>"; };
		42C0384529F5D06C002BAAAC /* DressUpListView.swift */ = {isa = PBXFileReference; lastKnownFileType = sourcecode.swift; path = DressUpListView.swift; sourceTree = "<group>"; };
		42C0384729F5D082002BAAAC /* DressUpDetail.swift */ = {isa = PBXFileReference; lastKnownFileType = sourcecode.swift; path = DressUpDetail.swift; sourceTree = "<group>"; };
		42C0384929F5D25C002BAAAC /* AccessoriesModel.swift */ = {isa = PBXFileReference; fileEncoding = 4; lastKnownFileType = sourcecode.swift; path = AccessoriesModel.swift; sourceTree = "<group>"; };
		42C0384B29F5D26C002BAAAC /* AccessoriesViewModel.swift */ = {isa = PBXFileReference; fileEncoding = 4; lastKnownFileType = sourcecode.swift; path = AccessoriesViewModel.swift; sourceTree = "<group>"; };
		42C0384D29F5D27F002BAAAC /* AccessoriesListView.swift */ = {isa = PBXFileReference; fileEncoding = 4; lastKnownFileType = sourcecode.swift; path = AccessoriesListView.swift; sourceTree = "<group>"; };
		42C0384E29F5D27F002BAAAC /* AccessoriesDetail.swift */ = {isa = PBXFileReference; fileEncoding = 4; lastKnownFileType = sourcecode.swift; path = AccessoriesDetail.swift; sourceTree = "<group>"; };
		42D2165029F4F1A100FE2438 /* TopModel.swift */ = {isa = PBXFileReference; lastKnownFileType = sourcecode.swift; path = TopModel.swift; sourceTree = "<group>"; };
		42D2165229F4F42F00FE2438 /* TopViewModel.swift */ = {isa = PBXFileReference; lastKnownFileType = sourcecode.swift; path = TopViewModel.swift; sourceTree = "<group>"; };
		42D2165429F4F48A00FE2438 /* TopListView.swift */ = {isa = PBXFileReference; lastKnownFileType = sourcecode.swift; path = TopListView.swift; sourceTree = "<group>"; };
		42D2165629F4F4BC00FE2438 /* TopDetail.swift */ = {isa = PBXFileReference; lastKnownFileType = sourcecode.swift; path = TopDetail.swift; sourceTree = "<group>"; };
		42D671A329EFADEE006D4AD9 /* BugModel.swift */ = {isa = PBXFileReference; lastKnownFileType = sourcecode.swift; path = BugModel.swift; sourceTree = "<group>"; };
		42D671A529EFB0A3006D4AD9 /* BugViewModel.swift */ = {isa = PBXFileReference; lastKnownFileType = sourcecode.swift; path = BugViewModel.swift; sourceTree = "<group>"; };
		42D671A729EFB151006D4AD9 /* BugListView.swift */ = {isa = PBXFileReference; lastKnownFileType = sourcecode.swift; path = BugListView.swift; sourceTree = "<group>"; };
		42D671A929EFB28A006D4AD9 /* BugDetail.swift */ = {isa = PBXFileReference; lastKnownFileType = sourcecode.swift; path = BugDetail.swift; sourceTree = "<group>"; };
		42D671AB29EFB73C006D4AD9 /* SeaCreatureModel.swift */ = {isa = PBXFileReference; lastKnownFileType = sourcecode.swift; path = SeaCreatureModel.swift; sourceTree = "<group>"; };
		42D671AD29EFB7B9006D4AD9 /* SeaCreatureViewModel.swift */ = {isa = PBXFileReference; lastKnownFileType = sourcecode.swift; path = SeaCreatureViewModel.swift; sourceTree = "<group>"; };
		42D671AF29EFB7E1006D4AD9 /* SeaCreatureListView.swift */ = {isa = PBXFileReference; lastKnownFileType = sourcecode.swift; path = SeaCreatureListView.swift; sourceTree = "<group>"; };
		42D671B129EFB80B006D4AD9 /* SeaCreatureDetail.swift */ = {isa = PBXFileReference; lastKnownFileType = sourcecode.swift; path = SeaCreatureDetail.swift; sourceTree = "<group>"; };
		42F7AC5729E53C450014F994 /* IconView.swift */ = {isa = PBXFileReference; lastKnownFileType = sourcecode.swift; path = IconView.swift; sourceTree = "<group>"; };
		ACF5E03C29BE957F00DD981A /* ACNH Reference.app */ = {isa = PBXFileReference; explicitFileType = wrapper.application; includeInIndex = 0; path = "ACNH Reference.app"; sourceTree = BUILT_PRODUCTS_DIR; };
		ACF5E03F29BE957F00DD981A /* Assignment3App.swift */ = {isa = PBXFileReference; lastKnownFileType = sourcecode.swift; path = Assignment3App.swift; sourceTree = "<group>"; };
		ACF5E04129BE957F00DD981A /* AnimalCrossingVillagers.swift */ = {isa = PBXFileReference; lastKnownFileType = sourcecode.swift; path = AnimalCrossingVillagers.swift; sourceTree = "<group>"; };
		ACF5E04329BE958000DD981A /* Assets.xcassets */ = {isa = PBXFileReference; lastKnownFileType = folder.assetcatalog; path = Assets.xcassets; sourceTree = "<group>"; };
		ACF5E04629BE958000DD981A /* Preview Assets.xcassets */ = {isa = PBXFileReference; lastKnownFileType = folder.assetcatalog; path = "Preview Assets.xcassets"; sourceTree = "<group>"; };
/* End PBXFileReference section */

/* Begin PBXFrameworksBuildPhase section */
		ACF5E03929BE957F00DD981A /* Frameworks */ = {
			isa = PBXFrameworksBuildPhase;
			buildActionMask = 2147483647;
			files = (
				427FAF0C29E3C67600D32093 /* Kingfisher in Frameworks */,
			);
			runOnlyForDeploymentPostprocessing = 0;
		};
/* End PBXFrameworksBuildPhase section */

/* Begin PBXGroup section */
		4242CAD029C1221B00A78C4E /* Models */ = {
			isa = PBXGroup;
			children = (
				42C0384929F5D25C002BAAAC /* AccessoriesModel.swift */,
				4226D34B29F31F5A00F982F5 /* ArtModel.swift */,
				42D671A329EFADEE006D4AD9 /* BugModel.swift */,
				4296DF7129C8198E006978BA /* FishModel.swift */,
				42D671AB29EFB73C006D4AD9 /* SeaCreatureModel.swift */,
				4242CACE29C1221800A78C4E /* VillagerModel.swift */,
				424606BC29F4B0270043BFDB /* FossilModel.swift */,
				42D2165029F4F1A100FE2438 /* TopModel.swift */,
				42950E7729F5ADD40018A595 /* BottomModel.swift */,
				42C0382729F5BF86002BAAAC /* ShoeModel.swift */,
				42C0384129F5D032002BAAAC /* DressUpModel.swift */,
			);
			path = Models;
			sourceTree = "<group>";
		};
		4242CAD729C194CC00A78C4E /* ViewModels */ = {
			isa = PBXGroup;
			children = (
				42C0384B29F5D26C002BAAAC /* AccessoriesViewModel.swift */,
				4226D34D29F323E900F982F5 /* ArtViewModel.swift */,
				42D671A529EFB0A3006D4AD9 /* BugViewModel.swift */,
				4296DF7329C81F03006978BA /* FishViewModel.swift */,
				4297632429E7C4A40047D9C1 /* LocationDataManager.swift */,
				4234AC2129E66A7F0045B7A9 /* NookipediaViewModel.swift */,
				42D671AD29EFB7B9006D4AD9 /* SeaCreatureViewModel.swift */,
				4242CAD529C18BED00A78C4E /* VillagersViewModel.swift */,
				424606BE29F4B20D0043BFDB /* FossilViewModel.swift */,
				42D2165229F4F42F00FE2438 /* TopViewModel.swift */,
				42950E7929F5AE9C0018A595 /* BottomViewModel.swift */,
				42C0382929F5BFD1002BAAAC /* ShoeViewModel.swift */,
				42C0384329F5D04E002BAAAC /* DressUpViewModel.swift */,
			);
			path = ViewModels;
			sourceTree = "<group>";
		};
		42CDF89E29C11DE70080AA77 /* Views */ = {
			isa = PBXGroup;
			children = (
				42C0384E29F5D27F002BAAAC /* AccessoriesDetail.swift */,
				42C0384D29F5D27F002BAAAC /* AccessoriesListView.swift */,
				ACF5E04129BE957F00DD981A /* AnimalCrossingVillagers.swift */,
				4226D35129F332E700F982F5 /* ArtDetail.swift */,
				4226D34F29F3329900F982F5 /* ArtListView.swift */,
				42950E7D29F5AF4F0018A595 /* BottomDetail.swift */,
				42950E7B29F5AEE90018A595 /* BottomListView.swift */,
				42D671A929EFB28A006D4AD9 /* BugDetail.swift */,
				42D671A729EFB151006D4AD9 /* BugListView.swift */,
				4280B28529F10683004EA792 /* CatchableNavigationView.swift */,
				42001AEC29F5025E00C8CF5C /* ClothingNavigationView.swift */,
				4274CDBA29F33D880073B045 /* CollectableNavigationView.swift */,
				42C0384729F5D082002BAAAC /* DressUpDetail.swift */,
				42C0384529F5D06C002BAAAC /* DressUpListView.swift */,
				4296DF7529C82034006978BA /* FishDetail.swift */,
				4296DF7729C8204E006978BA /* FishListView.swift */,
				424606C229F4B5140043BFDB /* FossilDetail.swift */,
				424606C029F4B4210043BFDB /* FossilListView.swift */,
				42F7AC5729E53C450014F994 /* IconView.swift */,
				4242CAD329C14C7D00A78C4E /* ImageCardView.swift */,
				4271336B29F0898200917250 /* NavigationCardView.swift */,
				4296DF7929C82745006978BA /* NavigationView.swift */,
				42D671B129EFB80B006D4AD9 /* SeaCreatureDetail.swift */,
				42D671AF29EFB7E1006D4AD9 /* SeaCreatureListView.swift */,
				42C0382D29F5C06F002BAAAC /* ShoeDetail.swift */,
				42C0382B29F5BFEF002BAAAC /* ShoeListView.swift */,
				42D2165629F4F4BC00FE2438 /* TopDetail.swift */,
				42D2165429F4F48A00FE2438 /* TopListView.swift */,
				4242CAD129C148BF00A78C4E /* VillagerDetail.swift */,
				4285CC6C29C2E317008E7631 /* VillagersListView.swift */,
			);
			path = Views;
			sourceTree = "<group>";
		};
		ACF5E03329BE957F00DD981A = {
			isa = PBXGroup;
			children = (
				ACF5E03E29BE957F00DD981A /* Assignment3 */,
				ACF5E03D29BE957F00DD981A /* Products */,
			);
			sourceTree = "<group>";
		};
		ACF5E03D29BE957F00DD981A /* Products */ = {
			isa = PBXGroup;
			children = (
				ACF5E03C29BE957F00DD981A /* ACNH Reference.app */,
			);
			name = Products;
			sourceTree = "<group>";
		};
		ACF5E03E29BE957F00DD981A /* Assignment3 */ = {
			isa = PBXGroup;
			children = (
				ACF5E03F29BE957F00DD981A /* Assignment3App.swift */,
				4242CAD029C1221B00A78C4E /* Models */,
				4242CAD729C194CC00A78C4E /* ViewModels */,
				42CDF89E29C11DE70080AA77 /* Views */,
				ACF5E04329BE958000DD981A /* Assets.xcassets */,
				ACF5E04529BE958000DD981A /* Preview Content */,
				4234AC1E29E669450045B7A9 /* Nookipedia-Info.plist */,
			);
			path = Assignment3;
			sourceTree = "<group>";
		};
		ACF5E04529BE958000DD981A /* Preview Content */ = {
			isa = PBXGroup;
			children = (
				ACF5E04629BE958000DD981A /* Preview Assets.xcassets */,
			);
			path = "Preview Content";
			sourceTree = "<group>";
		};
/* End PBXGroup section */

/* Begin PBXNativeTarget section */
		ACF5E03B29BE957F00DD981A /* ACNH Reference */ = {
			isa = PBXNativeTarget;
			buildConfigurationList = ACF5E04A29BE958000DD981A /* Build configuration list for PBXNativeTarget "ACNH Reference" */;
			buildPhases = (
				ACF5E03829BE957F00DD981A /* Sources */,
				ACF5E03929BE957F00DD981A /* Frameworks */,
				ACF5E03A29BE957F00DD981A /* Resources */,
			);
			buildRules = (
			);
			dependencies = (
			);
			name = "ACNH Reference";
			packageProductDependencies = (
				427FAF0B29E3C67600D32093 /* Kingfisher */,
			);
			productName = Assignment3;
			productReference = ACF5E03C29BE957F00DD981A /* ACNH Reference.app */;
			productType = "com.apple.product-type.application";
		};
/* End PBXNativeTarget section */

/* Begin PBXProject section */
		ACF5E03429BE957F00DD981A /* Project object */ = {
			isa = PBXProject;
			attributes = {
				BuildIndependentTargetsInParallel = 1;
				LastSwiftUpdateCheck = 1420;
				LastUpgradeCheck = 1420;
				TargetAttributes = {
					ACF5E03B29BE957F00DD981A = {
						CreatedOnToolsVersion = 14.2;
					};
				};
			};
			buildConfigurationList = ACF5E03729BE957F00DD981A /* Build configuration list for PBXProject "ACNH Reference" */;
			compatibilityVersion = "Xcode 14.0";
			developmentRegion = en;
			hasScannedForEncodings = 0;
			knownRegions = (
				en,
				Base,
			);
			mainGroup = ACF5E03329BE957F00DD981A;
			packageReferences = (
				427FAF0A29E3C67600D32093 /* XCRemoteSwiftPackageReference "Kingfisher" */,
			);
			productRefGroup = ACF5E03D29BE957F00DD981A /* Products */;
			projectDirPath = "";
			projectRoot = "";
			targets = (
				ACF5E03B29BE957F00DD981A /* ACNH Reference */,
			);
		};
/* End PBXProject section */

/* Begin PBXResourcesBuildPhase section */
		ACF5E03A29BE957F00DD981A /* Resources */ = {
			isa = PBXResourcesBuildPhase;
			buildActionMask = 2147483647;
			files = (
				ACF5E04729BE958000DD981A /* Preview Assets.xcassets in Resources */,
				4234AC1F29E669450045B7A9 /* Nookipedia-Info.plist in Resources */,
				ACF5E04429BE958000DD981A /* Assets.xcassets in Resources */,
			);
			runOnlyForDeploymentPostprocessing = 0;
		};
/* End PBXResourcesBuildPhase section */

/* Begin PBXSourcesBuildPhase section */
		ACF5E03829BE957F00DD981A /* Sources */ = {
			isa = PBXSourcesBuildPhase;
			buildActionMask = 2147483647;
			files = (
				4296DF7429C81F03006978BA /* FishViewModel.swift in Sources */,
				42C0382A29F5BFD1002BAAAC /* ShoeViewModel.swift in Sources */,
				4226D34C29F31F5A00F982F5 /* ArtModel.swift in Sources */,
				4242CAD629C18BED00A78C4E /* VillagersViewModel.swift in Sources */,
				42C0384229F5D032002BAAAC /* DressUpModel.swift in Sources */,
				4226D34E29F323E900F982F5 /* ArtViewModel.swift in Sources */,
				42D2165329F4F42F00FE2438 /* TopViewModel.swift in Sources */,
				42D671B229EFB80B006D4AD9 /* SeaCreatureDetail.swift in Sources */,
				42001AED29F5025E00C8CF5C /* ClothingNavigationView.swift in Sources */,
				42D671AE29EFB7B9006D4AD9 /* SeaCreatureViewModel.swift in Sources */,
				4296DF7629C82034006978BA /* FishDetail.swift in Sources */,
				42F7AC5829E53C450014F994 /* IconView.swift in Sources */,
				424606BD29F4B0270043BFDB /* FossilModel.swift in Sources */,
				42C0382E29F5C06F002BAAAC /* ShoeDetail.swift in Sources */,
				4280B28629F10683004EA792 /* CatchableNavigationView.swift in Sources */,
				42D671A629EFB0A3006D4AD9 /* BugViewModel.swift in Sources */,
				42D671A829EFB151006D4AD9 /* BugListView.swift in Sources */,
				424606C329F4B5140043BFDB /* FossilDetail.swift in Sources */,
				424606BF29F4B20D0043BFDB /* FossilViewModel.swift in Sources */,
				4271336C29F0898200917250 /* NavigationCardView.swift in Sources */,
				42C0385029F5D27F002BAAAC /* AccessoriesDetail.swift in Sources */,
				4297632529E7C4A40047D9C1 /* LocationDataManager.swift in Sources */,
				42950E7829F5ADD40018A595 /* BottomModel.swift in Sources */,
				42950E7A29F5AE9C0018A595 /* BottomViewModel.swift in Sources */,
				42C0384629F5D06C002BAAAC /* DressUpListView.swift in Sources */,
				42D671AA29EFB28A006D4AD9 /* BugDetail.swift in Sources */,
				4226D35029F3329900F982F5 /* ArtListView.swift in Sources */,
				4274CDBB29F33D880073B045 /* CollectableNavigationView.swift in Sources */,
				42950E7C29F5AEE90018A595 /* BottomListView.swift in Sources */,
				42C0384829F5D082002BAAAC /* DressUpDetail.swift in Sources */,
				42C0384C29F5D26C002BAAAC /* AccessoriesViewModel.swift in Sources */,
				4242CAD229C148BF00A78C4E /* VillagerDetail.swift in Sources */,
				4285CC6D29C2E317008E7631 /* VillagersListView.swift in Sources */,
				4242CACF29C1221800A78C4E /* VillagerModel.swift in Sources */,
				42D671A429EFADEE006D4AD9 /* BugModel.swift in Sources */,
				42D2165129F4F1A100FE2438 /* TopModel.swift in Sources */,
				42D2165529F4F48A00FE2438 /* TopListView.swift in Sources */,
				42D2165729F4F4BC00FE2438 /* TopDetail.swift in Sources */,
				42950E7E29F5AF4F0018A595 /* BottomDetail.swift in Sources */,
				42C0382C29F5BFEF002BAAAC /* ShoeListView.swift in Sources */,
				42C0384F29F5D27F002BAAAC /* AccessoriesListView.swift in Sources */,
				42C0384429F5D04E002BAAAC /* DressUpViewModel.swift in Sources */,
				4242CAD429C14C7D00A78C4E /* ImageCardView.swift in Sources */,
				4296DF7229C8198E006978BA /* FishModel.swift in Sources */,
				42C0382829F5BF86002BAAAC /* ShoeModel.swift in Sources */,
				42C0384A29F5D25C002BAAAC /* AccessoriesModel.swift in Sources */,
				42D671B029EFB7E1006D4AD9 /* SeaCreatureListView.swift in Sources */,
				4296DF7A29C82745006978BA /* NavigationView.swift in Sources */,
				ACF5E04229BE957F00DD981A /* AnimalCrossingVillagers.swift in Sources */,
				424606C129F4B4210043BFDB /* FossilListView.swift in Sources */,
				ACF5E04029BE957F00DD981A /* Assignment3App.swift in Sources */,
				4296DF7829C8204E006978BA /* FishListView.swift in Sources */,
				42D671AC29EFB73C006D4AD9 /* SeaCreatureModel.swift in Sources */,
				4226D35229F332E700F982F5 /* ArtDetail.swift in Sources */,
				4234AC2229E66A7F0045B7A9 /* NookipediaViewModel.swift in Sources */,
			);
			runOnlyForDeploymentPostprocessing = 0;
		};
/* End PBXSourcesBuildPhase section */

/* Begin XCBuildConfiguration section */
		ACF5E04829BE958000DD981A /* Debug */ = {
			isa = XCBuildConfiguration;
			buildSettings = {
				ALWAYS_SEARCH_USER_PATHS = NO;
				CLANG_ANALYZER_NONNULL = YES;
				CLANG_ANALYZER_NUMBER_OBJECT_CONVERSION = YES_AGGRESSIVE;
				CLANG_CXX_LANGUAGE_STANDARD = "gnu++20";
				CLANG_ENABLE_MODULES = YES;
				CLANG_ENABLE_OBJC_ARC = YES;
				CLANG_ENABLE_OBJC_WEAK = YES;
				CLANG_WARN_BLOCK_CAPTURE_AUTORELEASING = YES;
				CLANG_WARN_BOOL_CONVERSION = YES;
				CLANG_WARN_COMMA = YES;
				CLANG_WARN_CONSTANT_CONVERSION = YES;
				CLANG_WARN_DEPRECATED_OBJC_IMPLEMENTATIONS = YES;
				CLANG_WARN_DIRECT_OBJC_ISA_USAGE = YES_ERROR;
				CLANG_WARN_DOCUMENTATION_COMMENTS = YES;
				CLANG_WARN_EMPTY_BODY = YES;
				CLANG_WARN_ENUM_CONVERSION = YES;
				CLANG_WARN_INFINITE_RECURSION = YES;
				CLANG_WARN_INT_CONVERSION = YES;
				CLANG_WARN_NON_LITERAL_NULL_CONVERSION = YES;
				CLANG_WARN_OBJC_IMPLICIT_RETAIN_SELF = YES;
				CLANG_WARN_OBJC_LITERAL_CONVERSION = YES;
				CLANG_WARN_OBJC_ROOT_CLASS = YES_ERROR;
				CLANG_WARN_QUOTED_INCLUDE_IN_FRAMEWORK_HEADER = YES;
				CLANG_WARN_RANGE_LOOP_ANALYSIS = YES;
				CLANG_WARN_STRICT_PROTOTYPES = YES;
				CLANG_WARN_SUSPICIOUS_MOVE = YES;
				CLANG_WARN_UNGUARDED_AVAILABILITY = YES_AGGRESSIVE;
				CLANG_WARN_UNREACHABLE_CODE = YES;
				CLANG_WARN__DUPLICATE_METHOD_MATCH = YES;
				COPY_PHASE_STRIP = NO;
				DEBUG_INFORMATION_FORMAT = dwarf;
				ENABLE_STRICT_OBJC_MSGSEND = YES;
				ENABLE_TESTABILITY = YES;
				GCC_C_LANGUAGE_STANDARD = gnu11;
				GCC_DYNAMIC_NO_PIC = NO;
				GCC_NO_COMMON_BLOCKS = YES;
				GCC_OPTIMIZATION_LEVEL = 0;
				GCC_PREPROCESSOR_DEFINITIONS = (
					"DEBUG=1",
					"$(inherited)",
				);
				GCC_WARN_64_TO_32_BIT_CONVERSION = YES;
				GCC_WARN_ABOUT_RETURN_TYPE = YES_ERROR;
				GCC_WARN_UNDECLARED_SELECTOR = YES;
				GCC_WARN_UNINITIALIZED_AUTOS = YES_AGGRESSIVE;
				GCC_WARN_UNUSED_FUNCTION = YES;
				GCC_WARN_UNUSED_VARIABLE = YES;
				IPHONEOS_DEPLOYMENT_TARGET = 16.2;
				MTL_ENABLE_DEBUG_INFO = INCLUDE_SOURCE;
				MTL_FAST_MATH = YES;
				ONLY_ACTIVE_ARCH = YES;
				SDKROOT = iphoneos;
				SWIFT_ACTIVE_COMPILATION_CONDITIONS = DEBUG;
				SWIFT_OPTIMIZATION_LEVEL = "-Onone";
			};
			name = Debug;
		};
		ACF5E04929BE958000DD981A /* Release */ = {
			isa = XCBuildConfiguration;
			buildSettings = {
				ALWAYS_SEARCH_USER_PATHS = NO;
				CLANG_ANALYZER_NONNULL = YES;
				CLANG_ANALYZER_NUMBER_OBJECT_CONVERSION = YES_AGGRESSIVE;
				CLANG_CXX_LANGUAGE_STANDARD = "gnu++20";
				CLANG_ENABLE_MODULES = YES;
				CLANG_ENABLE_OBJC_ARC = YES;
				CLANG_ENABLE_OBJC_WEAK = YES;
				CLANG_WARN_BLOCK_CAPTURE_AUTORELEASING = YES;
				CLANG_WARN_BOOL_CONVERSION = YES;
				CLANG_WARN_COMMA = YES;
				CLANG_WARN_CONSTANT_CONVERSION = YES;
				CLANG_WARN_DEPRECATED_OBJC_IMPLEMENTATIONS = YES;
				CLANG_WARN_DIRECT_OBJC_ISA_USAGE = YES_ERROR;
				CLANG_WARN_DOCUMENTATION_COMMENTS = YES;
				CLANG_WARN_EMPTY_BODY = YES;
				CLANG_WARN_ENUM_CONVERSION = YES;
				CLANG_WARN_INFINITE_RECURSION = YES;
				CLANG_WARN_INT_CONVERSION = YES;
				CLANG_WARN_NON_LITERAL_NULL_CONVERSION = YES;
				CLANG_WARN_OBJC_IMPLICIT_RETAIN_SELF = YES;
				CLANG_WARN_OBJC_LITERAL_CONVERSION = YES;
				CLANG_WARN_OBJC_ROOT_CLASS = YES_ERROR;
				CLANG_WARN_QUOTED_INCLUDE_IN_FRAMEWORK_HEADER = YES;
				CLANG_WARN_RANGE_LOOP_ANALYSIS = YES;
				CLANG_WARN_STRICT_PROTOTYPES = YES;
				CLANG_WARN_SUSPICIOUS_MOVE = YES;
				CLANG_WARN_UNGUARDED_AVAILABILITY = YES_AGGRESSIVE;
				CLANG_WARN_UNREACHABLE_CODE = YES;
				CLANG_WARN__DUPLICATE_METHOD_MATCH = YES;
				COPY_PHASE_STRIP = NO;
				DEBUG_INFORMATION_FORMAT = "dwarf-with-dsym";
				ENABLE_NS_ASSERTIONS = NO;
				ENABLE_STRICT_OBJC_MSGSEND = YES;
				GCC_C_LANGUAGE_STANDARD = gnu11;
				GCC_NO_COMMON_BLOCKS = YES;
				GCC_WARN_64_TO_32_BIT_CONVERSION = YES;
				GCC_WARN_ABOUT_RETURN_TYPE = YES_ERROR;
				GCC_WARN_UNDECLARED_SELECTOR = YES;
				GCC_WARN_UNINITIALIZED_AUTOS = YES_AGGRESSIVE;
				GCC_WARN_UNUSED_FUNCTION = YES;
				GCC_WARN_UNUSED_VARIABLE = YES;
				IPHONEOS_DEPLOYMENT_TARGET = 16.2;
				MTL_ENABLE_DEBUG_INFO = NO;
				MTL_FAST_MATH = YES;
				SDKROOT = iphoneos;
				SWIFT_COMPILATION_MODE = wholemodule;
				SWIFT_OPTIMIZATION_LEVEL = "-O";
				VALIDATE_PRODUCT = YES;
			};
			name = Release;
		};
		ACF5E04B29BE958000DD981A /* Debug */ = {
			isa = XCBuildConfiguration;
			buildSettings = {
				ASSETCATALOG_COMPILER_APPICON_NAME = AppIcon;
				ASSETCATALOG_COMPILER_GLOBAL_ACCENT_COLOR_NAME = AccentColor;
				CODE_SIGN_STYLE = Automatic;
				CURRENT_PROJECT_VERSION = 1;
				DEVELOPMENT_ASSET_PATHS = "\"Assignment3/Preview Content\"";
				DEVELOPMENT_TEAM = FB8J3T2A9N;
				ENABLE_PREVIEWS = YES;
				GENERATE_INFOPLIST_FILE = YES;
				INFOPLIST_KEY_NSLocationWhenInUseUsageDescription = "App needs to access your location to determine what hemisphere you are in.";
				INFOPLIST_KEY_UIApplicationSceneManifest_Generation = YES;
				INFOPLIST_KEY_UIApplicationSupportsIndirectInputEvents = YES;
				INFOPLIST_KEY_UILaunchScreen_Generation = YES;
				INFOPLIST_KEY_UISupportedInterfaceOrientations_iPad = "UIInterfaceOrientationPortrait UIInterfaceOrientationPortraitUpsideDown UIInterfaceOrientationLandscapeLeft UIInterfaceOrientationLandscapeRight";
				INFOPLIST_KEY_UISupportedInterfaceOrientations_iPhone = "UIInterfaceOrientationPortrait UIInterfaceOrientationLandscapeLeft UIInterfaceOrientationLandscapeRight";
				LD_RUNPATH_SEARCH_PATHS = (
					"$(inherited)",
					"@executable_path/Frameworks",
				);
				MARKETING_VERSION = 1.0;
				PRODUCT_BUNDLE_IDENTIFIER = edu.auburn.onlinecsse;
				PRODUCT_NAME = "$(TARGET_NAME)";
				SWIFT_EMIT_LOC_STRINGS = YES;
				SWIFT_VERSION = 5.0;
				TARGETED_DEVICE_FAMILY = "1,2";
			};
			name = Debug;
		};
		ACF5E04C29BE958000DD981A /* Release */ = {
			isa = XCBuildConfiguration;
			buildSettings = {
				ASSETCATALOG_COMPILER_APPICON_NAME = AppIcon;
				ASSETCATALOG_COMPILER_GLOBAL_ACCENT_COLOR_NAME = AccentColor;
				CODE_SIGN_STYLE = Automatic;
				CURRENT_PROJECT_VERSION = 1;
				DEVELOPMENT_ASSET_PATHS = "\"Assignment3/Preview Content\"";
				DEVELOPMENT_TEAM = FB8J3T2A9N;
				ENABLE_PREVIEWS = YES;
				GENERATE_INFOPLIST_FILE = YES;
				INFOPLIST_KEY_NSLocationWhenInUseUsageDescription = "App needs to access your location to determine what hemisphere you are in.";
				INFOPLIST_KEY_UIApplicationSceneManifest_Generation = YES;
				INFOPLIST_KEY_UIApplicationSupportsIndirectInputEvents = YES;
				INFOPLIST_KEY_UILaunchScreen_Generation = YES;
				INFOPLIST_KEY_UISupportedInterfaceOrientations_iPad = "UIInterfaceOrientationPortrait UIInterfaceOrientationPortraitUpsideDown UIInterfaceOrientationLandscapeLeft UIInterfaceOrientationLandscapeRight";
				INFOPLIST_KEY_UISupportedInterfaceOrientations_iPhone = "UIInterfaceOrientationPortrait UIInterfaceOrientationLandscapeLeft UIInterfaceOrientationLandscapeRight";
				LD_RUNPATH_SEARCH_PATHS = (
					"$(inherited)",
					"@executable_path/Frameworks",
				);
				MARKETING_VERSION = 1.0;
				PRODUCT_BUNDLE_IDENTIFIER = edu.auburn.onlinecsse;
				PRODUCT_NAME = "$(TARGET_NAME)";
				SWIFT_EMIT_LOC_STRINGS = YES;
				SWIFT_VERSION = 5.0;
				TARGETED_DEVICE_FAMILY = "1,2";
			};
			name = Release;
		};
/* End XCBuildConfiguration section */

/* Begin XCConfigurationList section */
		ACF5E03729BE957F00DD981A /* Build configuration list for PBXProject "ACNH Reference" */ = {
			isa = XCConfigurationList;
			buildConfigurations = (
				ACF5E04829BE958000DD981A /* Debug */,
				ACF5E04929BE958000DD981A /* Release */,
			);
			defaultConfigurationIsVisible = 0;
			defaultConfigurationName = Release;
		};
		ACF5E04A29BE958000DD981A /* Build configuration list for PBXNativeTarget "ACNH Reference" */ = {
			isa = XCConfigurationList;
			buildConfigurations = (
				ACF5E04B29BE958000DD981A /* Debug */,
				ACF5E04C29BE958000DD981A /* Release */,
			);
			defaultConfigurationIsVisible = 0;
			defaultConfigurationName = Release;
		};
/* End XCConfigurationList section */

/* Begin XCRemoteSwiftPackageReference section */
		427FAF0A29E3C67600D32093 /* XCRemoteSwiftPackageReference "Kingfisher" */ = {
			isa = XCRemoteSwiftPackageReference;
			repositoryURL = "https://github.com/onevcat/Kingfisher.git";
			requirement = {
				kind = upToNextMajorVersion;
				minimumVersion = 7.0.0;
			};
		};
/* End XCRemoteSwiftPackageReference section */

/* Begin XCSwiftPackageProductDependency section */
		427FAF0B29E3C67600D32093 /* Kingfisher */ = {
			isa = XCSwiftPackageProductDependency;
			package = 427FAF0A29E3C67600D32093 /* XCRemoteSwiftPackageReference "Kingfisher" */;
			productName = Kingfisher;
		};
/* End XCSwiftPackageProductDependency section */
	};
	rootObject = ACF5E03429BE957F00DD981A /* Project object */;
}
